// !$*UTF8*$!
{
	archiveVersion = 1;
	classes = {
	};
	objectVersion = 55;
	objects = {

/* Begin PBXBuildFile section */
		04BD4129278ED8FC00E9AF35 /* pinch_appApp.swift in Sources */ = {isa = PBXBuildFile; fileRef = 04BD4128278ED8FC00E9AF35 /* pinch_appApp.swift */; };
		04BD412B278ED8FC00E9AF35 /* ContentView.swift in Sources */ = {isa = PBXBuildFile; fileRef = 04BD412A278ED8FC00E9AF35 /* ContentView.swift */; };
		04BD412D278ED90500E9AF35 /* Assets.xcassets in Resources */ = {isa = PBXBuildFile; fileRef = 04BD412C278ED90500E9AF35 /* Assets.xcassets */; };
		04BD4130278ED90500E9AF35 /* Preview Assets.xcassets in Resources */ = {isa = PBXBuildFile; fileRef = 04BD412F278ED90500E9AF35 /* Preview Assets.xcassets */; };
		04BD413D278EF37B00E9AF35 /* InfoPanelView.swift in Sources */ = {isa = PBXBuildFile; fileRef = 04BD413C278EF37B00E9AF35 /* InfoPanelView.swift */; };
		04BD413F278F02D100E9AF35 /* ContolImageView.swift in Sources */ = {isa = PBXBuildFile; fileRef = 04BD413E278F02D100E9AF35 /* ContolImageView.swift */; };
/* End PBXBuildFile section */

/* Begin PBXFileReference section */
		04BD4125278ED8FC00E9AF35 /* pinch-app.app */ = {isa = PBXFileReference; explicitFileType = wrapper.application; includeInIndex = 0; path = "pinch-app.app"; sourceTree = BUILT_PRODUCTS_DIR; };
		04BD4128278ED8FC00E9AF35 /* pinch_appApp.swift */ = {isa = PBXFileReference; lastKnownFileType = sourcecode.swift; path = pinch_appApp.swift; sourceTree = "<group>"; };
		04BD412A278ED8FC00E9AF35 /* ContentView.swift */ = {isa = PBXFileReference; lastKnownFileType = sourcecode.swift; path = ContentView.swift; sourceTree = "<group>"; };
		04BD412C278ED90500E9AF35 /* Assets.xcassets */ = {isa = PBXFileReference; lastKnownFileType = folder.assetcatalog; path = Assets.xcassets; sourceTree = "<group>"; };
		04BD412F278ED90500E9AF35 /* Preview Assets.xcassets */ = {isa = PBXFileReference; lastKnownFileType = folder.assetcatalog; path = "Preview Assets.xcassets"; sourceTree = "<group>"; };
		04BD413C278EF37B00E9AF35 /* InfoPanelView.swift */ = {isa = PBXFileReference; lastKnownFileType = sourcecode.swift; path = InfoPanelView.swift; sourceTree = "<group>"; };
		04BD413E278F02D100E9AF35 /* ContolImageView.swift */ = {isa = PBXFileReference; lastKnownFileType = sourcecode.swift; path = ContolImageView.swift; sourceTree = "<group>"; };
/* End PBXFileReference section */

/* Begin PBXFrameworksBuildPhase section */
		04BD4122278ED8FC00E9AF35 /* Frameworks */ = {
			isa = PBXFrameworksBuildPhase;
			buildActionMask = 2147483647;
			files = (
			);
			runOnlyForDeploymentPostprocessing = 0;
		};
/* End PBXFrameworksBuildPhase section */

/* Begin PBXGroup section */
		04BD411C278ED8FB00E9AF35 = {
			isa = PBXGroup;
			children = (
				04BD4127278ED8FC00E9AF35 /* pinch-app */,
				04BD4126278ED8FC00E9AF35 /* Products */,
			);
			sourceTree = "<group>";
		};
		04BD4126278ED8FC00E9AF35 /* Products */ = {
			isa = PBXGroup;
			children = (
				04BD4125278ED8FC00E9AF35 /* pinch-app.app */,
			);
			name = Products;
			sourceTree = "<group>";
		};
		04BD4127278ED8FC00E9AF35 /* pinch-app */ = {
			isa = PBXGroup;
			children = (
				04BD4128278ED8FC00E9AF35 /* pinch_appApp.swift */,
				04BD4139278EDB2600E9AF35 /* data */,
				04BD4138278EDB1F00E9AF35 /* model */,
				04BD4137278EDB0C00E9AF35 /* view */,
				04BD4136278EDAF500E9AF35 /* screen */,
				04BD412C278ED90500E9AF35 /* Assets.xcassets */,
				04BD412E278ED90500E9AF35 /* Preview Content */,
			);
			path = "pinch-app";
			sourceTree = "<group>";
		};
		04BD412E278ED90500E9AF35 /* Preview Content */ = {
			isa = PBXGroup;
			children = (
				04BD412F278ED90500E9AF35 /* Preview Assets.xcassets */,
			);
			path = "Preview Content";
			sourceTree = "<group>";
		};
		04BD4136278EDAF500E9AF35 /* screen */ = {
			isa = PBXGroup;
			children = (
				04BD412A278ED8FC00E9AF35 /* ContentView.swift */,
			);
			path = screen;
			sourceTree = "<group>";
		};
		04BD4137278EDB0C00E9AF35 /* view */ = {
			isa = PBXGroup;
			children = (
				04BD413C278EF37B00E9AF35 /* InfoPanelView.swift */,
				04BD413E278F02D100E9AF35 /* ContolImageView.swift */,
			);
			path = view;
			sourceTree = "<group>";
		};
		04BD4138278EDB1F00E9AF35 /* model */ = {
			isa = PBXGroup;
			children = (
			);
			path = model;
			sourceTree = "<group>";
		};
		04BD4139278EDB2600E9AF35 /* data */ = {
			isa = PBXGroup;
			children = (
			);
			path = data;
			sourceTree = "<group>";
		};
/* End PBXGroup section */

/* Begin PBXNativeTarget section */
		04BD4124278ED8FC00E9AF35 /* pinch-app */ = {
			isa = PBXNativeTarget;
			buildConfigurationList = 04BD4133278ED90500E9AF35 /* Build configuration list for PBXNativeTarget "pinch-app" */;
			buildPhases = (
				04BD4121278ED8FC00E9AF35 /* Sources */,
				04BD4122278ED8FC00E9AF35 /* Frameworks */,
				04BD4123278ED8FC00E9AF35 /* Resources */,
			);
			buildRules = (
			);
			dependencies = (
			);
			name = "pinch-app";
			productName = "pinch-app";
			productReference = 04BD4125278ED8FC00E9AF35 /* pinch-app.app */;
			productType = "com.apple.product-type.application";
		};
/* End PBXNativeTarget section */

/* Begin PBXProject section */
		04BD411D278ED8FC00E9AF35 /* Project object */ = {
			isa = PBXProject;
			attributes = {
				BuildIndependentTargetsInParallel = 1;
				LastSwiftUpdateCheck = 1310;
				LastUpgradeCheck = 1310;
				TargetAttributes = {
					04BD4124278ED8FC00E9AF35 = {
						CreatedOnToolsVersion = 13.1;
					};
				};
			};
			buildConfigurationList = 04BD4120278ED8FC00E9AF35 /* Build configuration list for PBXProject "pinch-app" */;
			compatibilityVersion = "Xcode 13.0";
			developmentRegion = en;
			hasScannedForEncodings = 0;
			knownRegions = (
				en,
				Base,
			);
			mainGroup = 04BD411C278ED8FB00E9AF35;
			productRefGroup = 04BD4126278ED8FC00E9AF35 /* Products */;
			projectDirPath = "";
			projectRoot = "";
			targets = (
				04BD4124278ED8FC00E9AF35 /* pinch-app */,
			);
		};
/* End PBXProject section */

/* Begin PBXResourcesBuildPhase section */
		04BD4123278ED8FC00E9AF35 /* Resources */ = {
			isa = PBXResourcesBuildPhase;
			buildActionMask = 2147483647;
			files = (
				04BD4130278ED90500E9AF35 /* Preview Assets.xcassets in Resources */,
				04BD412D278ED90500E9AF35 /* Assets.xcassets in Resources */,
			);
			runOnlyForDeploymentPostprocessing = 0;
		};
/* End PBXResourcesBuildPhase section */

/* Begin PBXSourcesBuildPhase section */
		04BD4121278ED8FC00E9AF35 /* Sources */ = {
			isa = PBXSourcesBuildPhase;
			buildActionMask = 2147483647;
			files = (
				04BD412B278ED8FC00E9AF35 /* ContentView.swift in Sources */,
				04BD413F278F02D100E9AF35 /* ContolImageView.swift in Sources */,
				04BD4129278ED8FC00E9AF35 /* pinch_appApp.swift in Sources */,
				04BD413D278EF37B00E9AF35 /* InfoPanelView.swift in Sources */,
			);
			runOnlyForDeploymentPostprocessing = 0;
		};
/* End PBXSourcesBuildPhase section */

/* Begin XCBuildConfiguration section */
		04BD4131278ED90500E9AF35 /* Debug */ = {
			isa = XCBuildConfiguration;
			buildSettings = {
				ALWAYS_SEARCH_USER_PATHS = NO;
				CLANG_ANALYZER_NONNULL = YES;
				CLANG_ANALYZER_NUMBER_OBJECT_CONVERSION = YES_AGGRESSIVE;
				CLANG_CXX_LANGUAGE_STANDARD = "gnu++17";
				CLANG_CXX_LIBRARY = "libc++";
				CLANG_ENABLE_MODULES = YES;
				CLANG_ENABLE_OBJC_ARC = YES;
				CLANG_ENABLE_OBJC_WEAK = YES;
				CLANG_WARN_BLOCK_CAPTURE_AUTORELEASING = YES;
				CLANG_WARN_BOOL_CONVERSION = YES;
				CLANG_WARN_COMMA = YES;
				CLANG_WARN_CONSTANT_CONVERSION = YES;
				CLANG_WARN_DEPRECATED_OBJC_IMPLEMENTATIONS = YES;
				CLANG_WARN_DIRECT_OBJC_ISA_USAGE = YES_ERROR;
				CLANG_WARN_DOCUMENTATION_COMMENTS = YES;
				CLANG_WARN_EMPTY_BODY = YES;
				CLANG_WARN_ENUM_CONVERSION = YES;
				CLANG_WARN_INFINITE_RECURSION = YES;
				CLANG_WARN_INT_CONVERSION = YES;
				CLANG_WARN_NON_LITERAL_NULL_CONVERSION = YES;
				CLANG_WARN_OBJC_IMPLICIT_RETAIN_SELF = YES;
				CLANG_WARN_OBJC_LITERAL_CONVERSION = YES;
				CLANG_WARN_OBJC_ROOT_CLASS = YES_ERROR;
				CLANG_WARN_QUOTED_INCLUDE_IN_FRAMEWORK_HEADER = YES;
				CLANG_WARN_RANGE_LOOP_ANALYSIS = YES;
				CLANG_WARN_STRICT_PROTOTYPES = YES;
				CLANG_WARN_SUSPICIOUS_MOVE = YES;
				CLANG_WARN_UNGUARDED_AVAILABILITY = YES_AGGRESSIVE;
				CLANG_WARN_UNREACHABLE_CODE = YES;
				CLANG_WARN__DUPLICATE_METHOD_MATCH = YES;
				COPY_PHASE_STRIP = NO;
				DEBUG_INFORMATION_FORMAT = dwarf;
				ENABLE_STRICT_OBJC_MSGSEND = YES;
				ENABLE_TESTABILITY = YES;
				GCC_C_LANGUAGE_STANDARD = gnu11;
				GCC_DYNAMIC_NO_PIC = NO;
				GCC_NO_COMMON_BLOCKS = YES;
				GCC_OPTIMIZATION_LEVEL = 0;
				GCC_PREPROCESSOR_DEFINITIONS = (
					"DEBUG=1",
					"$(inherited)",
				);
				GCC_WARN_64_TO_32_BIT_CONVERSION = YES;
				GCC_WARN_ABOUT_RETURN_TYPE = YES_ERROR;
				GCC_WARN_UNDECLARED_SELECTOR = YES;
				GCC_WARN_UNINITIALIZED_AUTOS = YES_AGGRESSIVE;
				GCC_WARN_UNUSED_FUNCTION = YES;
				GCC_WARN_UNUSED_VARIABLE = YES;
				IPHONEOS_DEPLOYMENT_TARGET = 15.0;
				MTL_ENABLE_DEBUG_INFO = INCLUDE_SOURCE;
				MTL_FAST_MATH = YES;
				ONLY_ACTIVE_ARCH = YES;
				SDKROOT = iphoneos;
				SWIFT_ACTIVE_COMPILATION_CONDITIONS = DEBUG;
				SWIFT_OPTIMIZATION_LEVEL = "-Onone";
			};
			name = Debug;
		};
		04BD4132278ED90500E9AF35 /* Release */ = {
			isa = XCBuildConfiguration;
			buildSettings = {
				ALWAYS_SEARCH_USER_PATHS = NO;
				CLANG_ANALYZER_NONNULL = YES;
				CLANG_ANALYZER_NUMBER_OBJECT_CONVERSION = YES_AGGRESSIVE;
				CLANG_CXX_LANGUAGE_STANDARD = "gnu++17";
				CLANG_CXX_LIBRARY = "libc++";
				CLANG_ENABLE_MODULES = YES;
				CLANG_ENABLE_OBJC_ARC = YES;
				CLANG_ENABLE_OBJC_WEAK = YES;
				CLANG_WARN_BLOCK_CAPTURE_AUTORELEASING = YES;
				CLANG_WARN_BOOL_CONVERSION = YES;
				CLANG_WARN_COMMA = YES;
				CLANG_WARN_CONSTANT_CONVERSION = YES;
				CLANG_WARN_DEPRECATED_OBJC_IMPLEMENTATIONS = YES;
				CLANG_WARN_DIRECT_OBJC_ISA_USAGE = YES_ERROR;
				CLANG_WARN_DOCUMENTATION_COMMENTS = YES;
				CLANG_WARN_EMPTY_BODY = YES;
				CLANG_WARN_ENUM_CONVERSION = YES;
				CLANG_WARN_INFINITE_RECURSION = YES;
				CLANG_WARN_INT_CONVERSION = YES;
				CLANG_WARN_NON_LITERAL_NULL_CONVERSION = YES;
				CLANG_WARN_OBJC_IMPLICIT_RETAIN_SELF = YES;
				CLANG_WARN_OBJC_LITERAL_CONVERSION = YES;
				CLANG_WARN_OBJC_ROOT_CLASS = YES_ERROR;
				CLANG_WARN_QUOTED_INCLUDE_IN_FRAMEWORK_HEADER = YES;
				CLANG_WARN_RANGE_LOOP_ANALYSIS = YES;
				CLANG_WARN_STRICT_PROTOTYPES = YES;
				CLANG_WARN_SUSPICIOUS_MOVE = YES;
				CLANG_WARN_UNGUARDED_AVAILABILITY = YES_AGGRESSIVE;
				CLANG_WARN_UNREACHABLE_CODE = YES;
				CLANG_WARN__DUPLICATE_METHOD_MATCH = YES;
				COPY_PHASE_STRIP = NO;
				DEBUG_INFORMATION_FORMAT = "dwarf-with-dsym";
				ENABLE_NS_ASSERTIONS = NO;
				ENABLE_STRICT_OBJC_MSGSEND = YES;
				GCC_C_LANGUAGE_STANDARD = gnu11;
				GCC_NO_COMMON_BLOCKS = YES;
				GCC_WARN_64_TO_32_BIT_CONVERSION = YES;
				GCC_WARN_ABOUT_RETURN_TYPE = YES_ERROR;
				GCC_WARN_UNDECLARED_SELECTOR = YES;
				GCC_WARN_UNINITIALIZED_AUTOS = YES_AGGRESSIVE;
				GCC_WARN_UNUSED_FUNCTION = YES;
				GCC_WARN_UNUSED_VARIABLE = YES;
				IPHONEOS_DEPLOYMENT_TARGET = 15.0;
				MTL_ENABLE_DEBUG_INFO = NO;
				MTL_FAST_MATH = YES;
				SDKROOT = iphoneos;
				SWIFT_COMPILATION_MODE = wholemodule;
				SWIFT_OPTIMIZATION_LEVEL = "-O";
				VALIDATE_PRODUCT = YES;
			};
			name = Release;
		};
		04BD4134278ED90500E9AF35 /* Debug */ = {
			isa = XCBuildConfiguration;
			buildSettings = {
				ASSETCATALOG_COMPILER_APPICON_NAME = AppIcon;
				ASSETCATALOG_COMPILER_GLOBAL_ACCENT_COLOR_NAME = AccentColor;
				CODE_SIGN_STYLE = Automatic;
				CURRENT_PROJECT_VERSION = 1;
				DEVELOPMENT_ASSET_PATHS = "\"pinch-app/Preview Content\"";
				ENABLE_PREVIEWS = YES;
				GENERATE_INFOPLIST_FILE = YES;
				INFOPLIST_KEY_UIApplicationSceneManifest_Generation = YES;
				INFOPLIST_KEY_UIApplicationSupportsIndirectInputEvents = YES;
				INFOPLIST_KEY_UILaunchScreen_Generation = YES;
				INFOPLIST_KEY_UISupportedInterfaceOrientations = UIInterfaceOrientationPortrait;
				INFOPLIST_KEY_UISupportedInterfaceOrientations_iPad = "UIInterfaceOrientationPortrait UIInterfaceOrientationPortraitUpsideDown UIInterfaceOrientationLandscapeLeft UIInterfaceOrientationLandscapeRight";
				INFOPLIST_KEY_UISupportedInterfaceOrientations_iPhone = UIInterfaceOrientationPortrait;
				LD_RUNPATH_SEARCH_PATHS = (
					"$(inherited)",
					"@executable_path/Frameworks",
				);
				MARKETING_VERSION = 1.0;
				PRODUCT_BUNDLE_IDENTIFIER = "com.devhassan.pinch-app";
				PRODUCT_NAME = "$(TARGET_NAME)";
				SWIFT_EMIT_LOC_STRINGS = YES;
				SWIFT_VERSION = 5.0;
				TARGETED_DEVICE_FAMILY = "1,2";
			};
			name = Debug;
		};
		04BD4135278ED90500E9AF35 /* Release */ = {
			isa = XCBuildConfiguration;
			buildSettings = {
				ASSETCATALOG_COMPILER_APPICON_NAME = AppIcon;
				ASSETCATALOG_COMPILER_GLOBAL_ACCENT_COLOR_NAME = AccentColor;
				CODE_SIGN_STYLE = Automatic;
				CURRENT_PROJECT_VERSION = 1;
				DEVELOPMENT_ASSET_PATHS = "\"pinch-app/Preview Content\"";
				ENABLE_PREVIEWS = YES;
				GENERATE_INFOPLIST_FILE = YES;
				INFOPLIST_KEY_UIApplicationSceneManifest_Generation = YES;
				INFOPLIST_KEY_UIApplicationSupportsIndirectInputEvents = YES;
				INFOPLIST_KEY_UILaunchScreen_Generation = YES;
				INFOPLIST_KEY_UISupportedInterfaceOrientations = UIInterfaceOrientationPortrait;
				INFOPLIST_KEY_UISupportedInterfaceOrientations_iPad = "UIInterfaceOrientationPortrait UIInterfaceOrientationPortraitUpsideDown UIInterfaceOrientationLandscapeLeft UIInterfaceOrientationLandscapeRight";
				INFOPLIST_KEY_UISupportedInterfaceOrientations_iPhone = UIInterfaceOrientationPortrait;
				LD_RUNPATH_SEARCH_PATHS = (
					"$(inherited)",
					"@executable_path/Frameworks",
				);
				MARKETING_VERSION = 1.0;
				PRODUCT_BUNDLE_IDENTIFIER = "com.devhassan.pinch-app";
				PRODUCT_NAME = "$(TARGET_NAME)";
				SWIFT_EMIT_LOC_STRINGS = YES;
				SWIFT_VERSION = 5.0;
				TARGETED_DEVICE_FAMILY = "1,2";
			};
			name = Release;
		};
/* End XCBuildConfiguration section */

/* Begin XCConfigurationList section */
		04BD4120278ED8FC00E9AF35 /* Build configuration list for PBXProject "pinch-app" */ = {
			isa = XCConfigurationList;
			buildConfigurations = (
				04BD4131278ED90500E9AF35 /* Debug */,
				04BD4132278ED90500E9AF35 /* Release */,
			);
			defaultConfigurationIsVisible = 0;
			defaultConfigurationName = Release;
		};
		04BD4133278ED90500E9AF35 /* Build configuration list for PBXNativeTarget "pinch-app" */ = {
			isa = XCConfigurationList;
			buildConfigurations = (
				04BD4134278ED90500E9AF35 /* Debug */,
				04BD4135278ED90500E9AF35 /* Release */,
			);
			defaultConfigurationIsVisible = 0;
			defaultConfigurationName = Release;
		};
/* End XCConfigurationList section */
	};
	rootObject = 04BD411D278ED8FC00E9AF35 /* Project object */;
}
